
Microsoft Visual Studio Solution File, Format Version 12.00
# Visual Studio Version 16
VisualStudioVersion = 16.0.30907.101
MinimumVisualStudioVersion = 10.0.40219.1
Project("{FAE04EC0-301F-11D3-BF4B-00C04F79EFBC}") = "HolaDavid", "HolaDavid\HolaDavid.csproj", "{DE3E39B9-8582-4905-9E1B-5AD857DFE916}"
EndProject
Global
	GlobalSection(SolutionConfigurationPlatforms) = preSolution
		Debug|Any CPU = Debug|Any CPU
		Release|Any CPU = Release|Any CPU
	EndGlobalSection
	GlobalSection(ProjectConfigurationPlatforms) = postSolution
		{DE3E39B9-8582-4905-9E1B-5AD857DFE916}.Debug|Any CPU.ActiveCfg = Debug|Any CPU
		{DE3E39B9-8582-4905-9E1B-5AD857DFE916}.Debug|Any CPU.Build.0 = Debug|Any CPU
		{DE3E39B9-8582-4905-9E1B-5AD857DFE916}.Release|Any CPU.ActiveCfg = Release|Any CPU
		{DE3E39B9-8582-4905-9E1B-5AD857DFE916}.Release|Any CPU.Build.0 = Release|Any CPU
	EndGlobalSection
	GlobalSection(SolutionProperties) = preSolution
		HideSolutionNode = FALSE
	EndGlobalSection
	GlobalSection(ExtensibilityGlobals) = postSolution
		SolutionGuid = {0C158C83-6329-4053-8EDD-CAD68EAB7A45}
	EndGlobalSection
EndGlobal
